
Microsoft Visual Studio Solution File, Format Version 12.00
# Visual Studio 15
VisualStudioVersion = 15.0.27703.2018
MinimumVisualStudioVersion = 10.0.40219.1
Project("{FAE04EC0-301F-11D3-BF4B-00C04F79EFBC}") = "SimplePlatformer", "SimplePlatformer\SimplePlatformer.csproj", "{6B509321-2DC0-4235-B61D-A86DA997700E}"
EndProject
Project("{2150E333-8FDC-42A3-9474-1A3956D46DE8}") = "Solution Items", "Solution Items", "{158D88C4-B925-4E3F-A4E8-26595EB0CE45}"
EndProject
Global
	GlobalSection(SolutionConfigurationPlatforms) = preSolution
		Debug|Any CPU = Debug|Any CPU
		Debug|x86 = Debug|x86
		Release|Any CPU = Release|Any CPU
		Release|x86 = Release|x86
	EndGlobalSection
	GlobalSection(ProjectConfigurationPlatforms) = postSolution
		{6B509321-2DC0-4235-B61D-A86DA997700E}.Debug|Any CPU.ActiveCfg = Debug|Any CPU
		{6B509321-2DC0-4235-B61D-A86DA997700E}.Debug|Any CPU.Build.0 = Debug|Any CPU
		{6B509321-2DC0-4235-B61D-A86DA997700E}.Debug|x86.ActiveCfg = Debug|Any CPU
		{6B509321-2DC0-4235-B61D-A86DA997700E}.Debug|x86.Build.0 = Debug|Any CPU
		{6B509321-2DC0-4235-B61D-A86DA997700E}.Release|Any CPU.ActiveCfg = Release|Any CPU
		{6B509321-2DC0-4235-B61D-A86DA997700E}.Release|Any CPU.Build.0 = Release|Any CPU
		{6B509321-2DC0-4235-B61D-A86DA997700E}.Release|x86.ActiveCfg = Release|x86
		{6B509321-2DC0-4235-B61D-A86DA997700E}.Release|x86.Build.0 = Release|x86
	EndGlobalSection
	GlobalSection(SolutionProperties) = preSolution
		HideSolutionNode = FALSE
	EndGlobalSection
	GlobalSection(ExtensibilityGlobals) = postSolution
		SolutionGuid = {84B4B8D1-55AC-4865-8A8C-AD55A492022A}
	EndGlobalSection
EndGlobal
